
Microsoft Visual Studio Solution File, Format Version 12.00
# Visual Studio 15
VisualStudioVersion = 15.0.27428.2043
MinimumVisualStudioVersion = 10.0.40219.1
Project("{FAE04EC0-301F-11D3-BF4B-00C04F79EFBC}") = "aedFatorial", "aedFatorial\aedFatorial.csproj", "{292260E3-B494-447E-97AD-F3CAEFF9C72E}"
EndProject
Global
	GlobalSection(SolutionConfigurationPlatforms) = preSolution
		Debug|Any CPU = Debug|Any CPU
		Release|Any CPU = Release|Any CPU
	EndGlobalSection
	GlobalSection(ProjectConfigurationPlatforms) = postSolution
		{292260E3-B494-447E-97AD-F3CAEFF9C72E}.Debug|Any CPU.ActiveCfg = Debug|Any CPU
		{292260E3-B494-447E-97AD-F3CAEFF9C72E}.Debug|Any CPU.Build.0 = Debug|Any CPU
		{292260E3-B494-447E-97AD-F3CAEFF9C72E}.Release|Any CPU.ActiveCfg = Release|Any CPU
		{292260E3-B494-447E-97AD-F3CAEFF9C72E}.Release|Any CPU.Build.0 = Release|Any CPU
	EndGlobalSection
	GlobalSection(SolutionProperties) = preSolution
		HideSolutionNode = FALSE
	EndGlobalSection
	GlobalSection(ExtensibilityGlobals) = postSolution
		SolutionGuid = {96F3ADEF-8AF7-4018-98C1-DABEF5DED24D}
	EndGlobalSection
EndGlobal
